
Microsoft Visual Studio Solution File, Format Version 12.00
# Visual Studio Version 16
VisualStudioVersion = 16.0.32929.386
MinimumVisualStudioVersion = 10.0.40219.1
Project("{FAE04EC0-301F-11D3-BF4B-00C04F79EFBC}") = "ApiSysMap", "ApiSysMap\ApiSysMap.csproj", "{C820C552-7C50-4E08-93FE-604DACA756F5}"
EndProject
Global
	GlobalSection(SolutionConfigurationPlatforms) = preSolution
		Debug|Any CPU = Debug|Any CPU
		Release|Any CPU = Release|Any CPU
	EndGlobalSection
	GlobalSection(ProjectConfigurationPlatforms) = postSolution
		{C820C552-7C50-4E08-93FE-604DACA756F5}.Debug|Any CPU.ActiveCfg = Debug|Any CPU
		{C820C552-7C50-4E08-93FE-604DACA756F5}.Debug|Any CPU.Build.0 = Debug|Any CPU
		{C820C552-7C50-4E08-93FE-604DACA756F5}.Release|Any CPU.ActiveCfg = Release|Any CPU
		{C820C552-7C50-4E08-93FE-604DACA756F5}.Release|Any CPU.Build.0 = Release|Any CPU
	EndGlobalSection
	GlobalSection(SolutionProperties) = preSolution
		HideSolutionNode = FALSE
	EndGlobalSection
	GlobalSection(ExtensibilityGlobals) = postSolution
		SolutionGuid = {F4C543FE-BCFA-43B4-8B07-0B1F09680C73}
	EndGlobalSection
EndGlobal
